{
    "hash": "9dbd8a19978b65c46a162b4e0bbd2e8b",
    "packages": [
        {
            "package": "behat/sahi-client",
            "version": "dev-master",
            "source-reference": "v1.0.1"
        },
        {
            "package": "kriswallsmith/buzz",
            "version": "dev-master",
            "source-reference": "56afab3ec9d8feedc3e3d7a8081c8455ae8b716f"
        },
        {
            "package": "pimple/pimple",
            "version": "dev-master",
            "source-reference": "2c7b104e6a5ca9207bd713892979882f1d310abc"
        },
        {
            "package": "silex/silex",
            "version": "dev-master",
            "source-reference": "25abd1a8e9042143716232b8c7f6e545545c830b",
            "alias": "1.0.9999999.9999999-dev"
        },
        {
            "package": "symfony/browser-kit",
            "version": "dev-master",
            "source-reference": "f03173e232da5d84eb799cad5d57354e6541b0f8",
            "alias": "2.1.9999999.9999999-dev"
        },
        {
            "package": "symfony/class-loader",
            "version": "dev-master",
            "source-reference": "4e509e34c7b4238762aa9ea2e24162a4c0444a14",
            "alias": "2.1.9999999.9999999-dev"
        },
        {
            "package": "symfony/console",
            "version": "dev-master",
            "source-reference": "8c69d3a3e26885cad132a38ab0d7f287fb975296",
            "alias": "2.1.9999999.9999999-dev"
        },
        {
            "package": "symfony/css-selector",
            "version": "dev-master",
            "source-reference": "dd695aadd80d8e6e726a7a050535c04325cefa02",
            "alias": "2.1.9999999.9999999-dev"
        },
        {
            "package": "symfony/dom-crawler",
            "version": "dev-master",
            "source-reference": "69b857977d96e4c726be5524fa00370aef5e9b20",
            "alias": "2.1.9999999.9999999-dev"
        },
        {
            "package": "symfony/event-dispatcher",
            "version": "dev-master",
            "source-reference": "b98d68d3b8513c62d35504570f09e9d3dc33d083",
            "alias": "2.1.9999999.9999999-dev"
        },
        {
            "package": "symfony/finder",
            "version": "dev-master",
            "source-reference": "5b8658e52eaf424fe943a5857e2404ce95c3b90e",
            "alias": "2.1.9999999.9999999-dev"
        },
        {
            "package": "symfony/http-foundation",
            "version": "dev-master",
            "source-reference": "c42a11f51217244a1b57fa45bb2da5f1edcee010",
            "alias": "2.1.9999999.9999999-dev"
        },
        {
            "package": "symfony/http-kernel",
            "version": "dev-master",
            "source-reference": "2a64d0557658af08d7119de07ad93318a50a4124",
            "alias": "2.1.9999999.9999999-dev"
        },
        {
            "package": "symfony/process",
            "version": "dev-master",
            "source-reference": "3f95a0126588f00d70e745c1ef96631fb10c3a8e",
            "alias": "2.1.9999999.9999999-dev"
        },
        {
            "package": "symfony/routing",
            "version": "dev-master",
            "source-reference": "49ea8e61fb6ce2cce74b3377a23a2141e091d7e8",
            "alias": "2.1.9999999.9999999-dev"
        }
    ],
    "packages-dev": null,
    "aliases": []
}
